
Microsoft Visual Studio Solution File, Format Version 12.00
# Visual Studio Version 16
VisualStudioVersion = 25.0.1703.5
MinimumVisualStudioVersion = 10.0.40219.1
Project("{FAE04EC0-301F-11D3-BF4B-00C04F79EFBC}") = "vers1.0.0.1", "vers1.0.0.1\vers1.0.0.1.csproj", "{A729AD59-8615-48D1-B0E3-68A9C31B4FD7}"
EndProject
Global
	GlobalSection(SolutionConfigurationPlatforms) = preSolution
		Debug|Any CPU = Debug|Any CPU
		Release|Any CPU = Release|Any CPU
	EndGlobalSection
	GlobalSection(ProjectConfigurationPlatforms) = postSolution
		{A729AD59-8615-48D1-B0E3-68A9C31B4FD7}.Debug|Any CPU.ActiveCfg = Debug|Any CPU
		{A729AD59-8615-48D1-B0E3-68A9C31B4FD7}.Debug|Any CPU.Build.0 = Debug|Any CPU
		{A729AD59-8615-48D1-B0E3-68A9C31B4FD7}.Release|Any CPU.ActiveCfg = Release|Any CPU
		{A729AD59-8615-48D1-B0E3-68A9C31B4FD7}.Release|Any CPU.Build.0 = Release|Any CPU
	EndGlobalSection
	GlobalSection(SolutionProperties) = preSolution
		HideSolutionNode = FALSE
	EndGlobalSection
	GlobalSection(ExtensibilityGlobals) = postSolution
		SolutionGuid = {BF17DE44-4EAE-4CFD-B31F-CB3880456521}
	EndGlobalSection
EndGlobal
