
Microsoft Visual Studio Solution File, Format Version 12.00
# Visual Studio Version 16
VisualStudioVersion = 25.0.1703.5
MinimumVisualStudioVersion = 10.0.40219.1
Project("{FAE04EC0-301F-11D3-BF4B-00C04F79EFBC}") = "vers1.0.0.2", "vers1.0.0.2\vers1.0.0.2.csproj", "{8F6A493A-3D07-4777-965B-C96FF1FF9728}"
EndProject
Global
	GlobalSection(SolutionConfigurationPlatforms) = preSolution
		Debug|Any CPU = Debug|Any CPU
		Release|Any CPU = Release|Any CPU
	EndGlobalSection
	GlobalSection(ProjectConfigurationPlatforms) = postSolution
		{8F6A493A-3D07-4777-965B-C96FF1FF9728}.Debug|Any CPU.ActiveCfg = Debug|Any CPU
		{8F6A493A-3D07-4777-965B-C96FF1FF9728}.Debug|Any CPU.Build.0 = Debug|Any CPU
		{8F6A493A-3D07-4777-965B-C96FF1FF9728}.Release|Any CPU.ActiveCfg = Release|Any CPU
		{8F6A493A-3D07-4777-965B-C96FF1FF9728}.Release|Any CPU.Build.0 = Release|Any CPU
	EndGlobalSection
	GlobalSection(SolutionProperties) = preSolution
		HideSolutionNode = FALSE
	EndGlobalSection
	GlobalSection(ExtensibilityGlobals) = postSolution
		SolutionGuid = {403E3F94-30AB-42FA-80B0-3EB6342B0D13}
	EndGlobalSection
EndGlobal
